Microsoft Visual Studio Solution File, Format Version 12.00
# Visual Studio 2013
VisualStudioVersion = 12.0.21005.1
MinimumVisualStudioVersion = 10.0.40219.1
Project("{8BC9CEB8-8B4A-11D0-8D11-00A0C91BC942}") = "ALL_BUILD", "ALL_BUILD.vcxproj", "{D13F0033-EAF9-4FEB-ADCB-89B8F6A3FCD1}"
	ProjectSection(ProjectDependencies) = postProject
		{8E158EF1-CA9E-43FB-8D91-D24EA6103265} = {8E158EF1-CA9E-43FB-8D91-D24EA6103265}
		{457BD8CE-121B-46CA-A316-C0AFDF656032} = {457BD8CE-121B-46CA-A316-C0AFDF656032}
	EndProjectSection
EndProject
Project("{8BC9CEB8-8B4A-11D0-8D11-00A0C91BC942}") = "Capture_Video", "Capture_Video.vcxproj", "{8E158EF1-CA9E-43FB-8D91-D24EA6103265}"
	ProjectSection(ProjectDependencies) = postProject
		{457BD8CE-121B-46CA-A316-C0AFDF656032} = {457BD8CE-121B-46CA-A316-C0AFDF656032}
	EndProjectSection
EndProject
Project("{8BC9CEB8-8B4A-11D0-8D11-00A0C91BC942}") = "ZERO_CHECK", "ZERO_CHECK.vcxproj", "{457BD8CE-121B-46CA-A316-C0AFDF656032}"
EndProject
Global
	GlobalSection(SolutionConfigurationPlatforms) = preSolution
		Debug|x64 = Debug|x64
		MinSizeRel|x64 = MinSizeRel|x64
		Release|x64 = Release|x64
		RelWithDebInfo|x64 = RelWithDebInfo|x64
	EndGlobalSection
	GlobalSection(ProjectConfigurationPlatforms) = postSolution
		{D13F0033-EAF9-4FEB-ADCB-89B8F6A3FCD1}.Debug|x64.ActiveCfg = Debug|x64
		{D13F0033-EAF9-4FEB-ADCB-89B8F6A3FCD1}.MinSizeRel|x64.ActiveCfg = MinSizeRel|x64
		{D13F0033-EAF9-4FEB-ADCB-89B8F6A3FCD1}.Release|x64.ActiveCfg = Release|x64
		{D13F0033-EAF9-4FEB-ADCB-89B8F6A3FCD1}.RelWithDebInfo|x64.ActiveCfg = RelWithDebInfo|x64
		{8E158EF1-CA9E-43FB-8D91-D24EA6103265}.Debug|x64.ActiveCfg = Debug|x64
		{8E158EF1-CA9E-43FB-8D91-D24EA6103265}.Debug|x64.Build.0 = Debug|x64
		{8E158EF1-CA9E-43FB-8D91-D24EA6103265}.MinSizeRel|x64.ActiveCfg = MinSizeRel|x64
		{8E158EF1-CA9E-43FB-8D91-D24EA6103265}.MinSizeRel|x64.Build.0 = MinSizeRel|x64
		{8E158EF1-CA9E-43FB-8D91-D24EA6103265}.Release|x64.ActiveCfg = Release|x64
		{8E158EF1-CA9E-43FB-8D91-D24EA6103265}.Release|x64.Build.0 = Release|x64
		{8E158EF1-CA9E-43FB-8D91-D24EA6103265}.RelWithDebInfo|x64.ActiveCfg = RelWithDebInfo|x64
		{8E158EF1-CA9E-43FB-8D91-D24EA6103265}.RelWithDebInfo|x64.Build.0 = RelWithDebInfo|x64
		{457BD8CE-121B-46CA-A316-C0AFDF656032}.Debug|x64.ActiveCfg = Debug|x64
		{457BD8CE-121B-46CA-A316-C0AFDF656032}.Debug|x64.Build.0 = Debug|x64
		{457BD8CE-121B-46CA-A316-C0AFDF656032}.MinSizeRel|x64.ActiveCfg = MinSizeRel|x64
		{457BD8CE-121B-46CA-A316-C0AFDF656032}.MinSizeRel|x64.Build.0 = MinSizeRel|x64
		{457BD8CE-121B-46CA-A316-C0AFDF656032}.Release|x64.ActiveCfg = Release|x64
		{457BD8CE-121B-46CA-A316-C0AFDF656032}.Release|x64.Build.0 = Release|x64
		{457BD8CE-121B-46CA-A316-C0AFDF656032}.RelWithDebInfo|x64.ActiveCfg = RelWithDebInfo|x64
		{457BD8CE-121B-46CA-A316-C0AFDF656032}.RelWithDebInfo|x64.Build.0 = RelWithDebInfo|x64
	EndGlobalSection
	GlobalSection(SolutionProperties) = preSolution
		HideSolutionNode = FALSE
	EndGlobalSection
EndGlobal
